// !$*UTF8*$!
{
	archiveVersion = 1;
	classes = {
	};
	objectVersion = 46;
	objects = {

/* Begin PBXBuildFile section */
		9245A2031B5787D700EE5627 /* UIKit.framework in Frameworks */ = {isa = PBXBuildFile; fileRef = 9245A2021B5787D700EE5627 /* UIKit.framework */; };
		9245A2051B5787D700EE5627 /* Foundation.framework in Frameworks */ = {isa = PBXBuildFile; fileRef = 9245A2041B5787D700EE5627 /* Foundation.framework */; };
		9245A2071B5787D700EE5627 /* CoreGraphics.framework in Frameworks */ = {isa = PBXBuildFile; fileRef = 9245A2061B5787D700EE5627 /* CoreGraphics.framework */; };
		9245A20D1B5787D700EE5627 /* InfoPlist.strings in Resources */ = {isa = PBXBuildFile; fileRef = 9245A20B1B5787D700EE5627 /* InfoPlist.strings */; };
		9245A20F1B5787D700EE5627 /* main.m in Sources */ = {isa = PBXBuildFile; fileRef = 9245A20E1B5787D700EE5627 /* main.m */; };
		9245A2131B5787D700EE5627 /* AppDelegate.m in Sources */ = {isa = PBXBuildFile; fileRef = 9245A2121B5787D700EE5627 /* AppDelegate.m */; };
		9245A2151B5787D700EE5627 /* Default.png in Resources */ = {isa = PBXBuildFile; fileRef = 9245A2141B5787D700EE5627 /* Default.png */; };
		9245A2171B5787D700EE5627 /* Default@2x.png in Resources */ = {isa = PBXBuildFile; fileRef = 9245A2161B5787D700EE5627 /* Default@2x.png */; };
		9245A2191B5787D700EE5627 /* Default-568h@2x.png in Resources */ = {isa = PBXBuildFile; fileRef = 9245A2181B5787D700EE5627 /* Default-568h@2x.png */; };
		9245A21C1B5787D700EE5627 /* MainStoryboard.storyboard in Resources */ = {isa = PBXBuildFile; fileRef = 9245A21A1B5787D700EE5627 /* MainStoryboard.storyboard */; };
		9245A21F1B5787D700EE5627 /* ViewController.m in Sources */ = {isa = PBXBuildFile; fileRef = 9245A21E1B5787D700EE5627 /* ViewController.m */; };
/* End PBXBuildFile section */

/* Begin PBXFileReference section */
		9245A1FF1B5787D700EE5627 /* HelloWorld.app */ = {isa = PBXFileReference; explicitFileType = wrapper.application; includeInIndex = 0; path = HelloWorld.app; sourceTree = BUILT_PRODUCTS_DIR; };
		9245A2021B5787D700EE5627 /* UIKit.framework */ = {isa = PBXFileReference; lastKnownFileType = wrapper.framework; name = UIKit.framework; path = System/Library/Frameworks/UIKit.framework; sourceTree = SDKROOT; };
		9245A2041B5787D700EE5627 /* Foundation.framework */ = {isa = PBXFileReference; lastKnownFileType = wrapper.framework; name = Foundation.framework; path = System/Library/Frameworks/Foundation.framework; sourceTree = SDKROOT; };
		9245A2061B5787D700EE5627 /* CoreGraphics.framework */ = {isa = PBXFileReference; lastKnownFileType = wrapper.framework; name = CoreGraphics.framework; path = System/Library/Frameworks/CoreGraphics.framework; sourceTree = SDKROOT; };
		9245A20A1B5787D700EE5627 /* HelloWorld-Info.plist */ = {isa = PBXFileReference; lastKnownFileType = text.plist.xml; path = "HelloWorld-Info.plist"; sourceTree = "<group>"; };
		9245A20C1B5787D700EE5627 /* en */ = {isa = PBXFileReference; lastKnownFileType = text.plist.strings; name = en; path = en.lproj/InfoPlist.strings; sourceTree = "<group>"; };
		9245A20E1B5787D700EE5627 /* main.m */ = {isa = PBXFileReference; lastKnownFileType = sourcecode.c.objc; path = main.m; sourceTree = "<group>"; };
		9245A2101B5787D700EE5627 /* HelloWorld-Prefix.pch */ = {isa = PBXFileReference; lastKnownFileType = sourcecode.c.h; path = "HelloWorld-Prefix.pch"; sourceTree = "<group>"; };
		9245A2111B5787D700EE5627 /* AppDelegate.h */ = {isa = PBXFileReference; lastKnownFileType = sourcecode.c.h; path = AppDelegate.h; sourceTree = "<group>"; };
		9245A2121B5787D700EE5627 /* AppDelegate.m */ = {isa = PBXFileReference; lastKnownFileType = sourcecode.c.objc; path = AppDelegate.m; sourceTree = "<group>"; };
		9245A2141B5787D700EE5627 /* Default.png */ = {isa = PBXFileReference; lastKnownFileType = image.png; path = Default.png; sourceTree = "<group>"; };
		9245A2161B5787D700EE5627 /* Default@2x.png */ = {isa = PBXFileReference; lastKnownFileType = image.png; path = "Default@2x.png"; sourceTree = "<group>"; };
		9245A2181B5787D700EE5627 /* Default-568h@2x.png */ = {isa = PBXFileReference; lastKnownFileType = image.png; path = "Default-568h@2x.png"; sourceTree = "<group>"; };
		9245A21B1B5787D700EE5627 /* en */ = {isa = PBXFileReference; lastKnownFileType = file.storyboard; name = en; path = en.lproj/MainStoryboard.storyboard; sourceTree = "<group>"; };
		9245A21D1B5787D700EE5627 /* ViewController.h */ = {isa = PBXFileReference; lastKnownFileType = sourcecode.c.h; path = ViewController.h; sourceTree = "<group>"; };
		9245A21E1B5787D700EE5627 /* ViewController.m */ = {isa = PBXFileReference; lastKnownFileType = sourcecode.c.objc; path = ViewController.m; sourceTree = "<group>"; };
/* End PBXFileReference section */

/* Begin PBXFrameworksBuildPhase section */
		9245A1FC1B5787D600EE5627 /* Frameworks */ = {
			isa = PBXFrameworksBuildPhase;
			buildActionMask = 2147483647;
			files = (
				9245A2031B5787D700EE5627 /* UIKit.framework in Frameworks */,
				9245A2051B5787D700EE5627 /* Foundation.framework in Frameworks */,
				9245A2071B5787D700EE5627 /* CoreGraphics.framework in Frameworks */,
			);
			runOnlyForDeploymentPostprocessing = 0;
		};
/* End PBXFrameworksBuildPhase section */

/* Begin PBXGroup section */
		9245A1F61B5787D600EE5627 = {
			isa = PBXGroup;
			children = (
				9245A2081B5787D700EE5627 /* HelloWorld */,
				9245A2011B5787D700EE5627 /* Frameworks */,
				9245A2001B5787D700EE5627 /* Products */,
			);
			sourceTree = "<group>";
		};
		9245A2001B5787D700EE5627 /* Products */ = {
			isa = PBXGroup;
			children = (
				9245A1FF1B5787D700EE5627 /* HelloWorld.app */,
			);
			name = Products;
			sourceTree = "<group>";
		};
		9245A2011B5787D700EE5627 /* Frameworks */ = {
			isa = PBXGroup;
			children = (
				9245A2021B5787D700EE5627 /* UIKit.framework */,
				9245A2041B5787D700EE5627 /* Foundation.framework */,
				9245A2061B5787D700EE5627 /* CoreGraphics.framework */,
			);
			name = Frameworks;
			sourceTree = "<group>";
		};
		9245A2081B5787D700EE5627 /* HelloWorld */ = {
			isa = PBXGroup;
			children = (
				9245A2111B5787D700EE5627 /* AppDelegate.h */,
				9245A2121B5787D700EE5627 /* AppDelegate.m */,
				9245A21A1B5787D700EE5627 /* MainStoryboard.storyboard */,
				9245A21D1B5787D700EE5627 /* ViewController.h */,
				9245A21E1B5787D700EE5627 /* ViewController.m */,
				9245A2091B5787D700EE5627 /* Supporting Files */,
			);
			path = HelloWorld;
			sourceTree = "<group>";
		};
		9245A2091B5787D700EE5627 /* Supporting Files */ = {
			isa = PBXGroup;
			children = (
				9245A20A1B5787D700EE5627 /* HelloWorld-Info.plist */,
				9245A20B1B5787D700EE5627 /* InfoPlist.strings */,
				9245A20E1B5787D700EE5627 /* main.m */,
				9245A2101B5787D700EE5627 /* HelloWorld-Prefix.pch */,
				9245A2141B5787D700EE5627 /* Default.png */,
				9245A2161B5787D700EE5627 /* Default@2x.png */,
				9245A2181B5787D700EE5627 /* Default-568h@2x.png */,
			);
			name = "Supporting Files";
			sourceTree = "<group>";
		};
/* End PBXGroup section */

/* Begin PBXNativeTarget section */
		9245A1FE1B5787D600EE5627 /* HelloWorld */ = {
			isa = PBXNativeTarget;
			buildConfigurationList = 9245A2221B5787D700EE5627 /* Build configuration list for PBXNativeTarget "HelloWorld" */;
			buildPhases = (
				9245A1FB1B5787D600EE5627 /* Sources */,
				9245A1FC1B5787D600EE5627 /* Frameworks */,
				9245A1FD1B5787D600EE5627 /* Resources */,
			);
			buildRules = (
			);
			dependencies = (
			);
			name = HelloWorld;
			productName = HelloWorld;
			productReference = 9245A1FF1B5787D700EE5627 /* HelloWorld.app */;
			productType = "com.apple.product-type.application";
		};
/* End PBXNativeTarget section */

/* Begin PBXProject section */
		9245A1F71B5787D600EE5627 /* Project object */ = {
			isa = PBXProject;
			attributes = {
				LastUpgradeCheck = 0460;
				ORGANIZATIONNAME = Code4Xcode;
			};
			buildConfigurationList = 9245A1FA1B5787D600EE5627 /* Build configuration list for PBXProject "HelloWorld" */;
			compatibilityVersion = "Xcode 3.2";
			developmentRegion = English;
			hasScannedForEncodings = 0;
			knownRegions = (
				en,
			);
			mainGroup = 9245A1F61B5787D600EE5627;
			productRefGroup = 9245A2001B5787D700EE5627 /* Products */;
			projectDirPath = "";
			projectRoot = "";
			targets = (
				9245A1FE1B5787D600EE5627 /* HelloWorld */,
			);
		};
/* End PBXProject section */

/* Begin PBXResourcesBuildPhase section */
		9245A1FD1B5787D600EE5627 /* Resources */ = {
			isa = PBXResourcesBuildPhase;
			buildActionMask = 2147483647;
			files = (
				9245A20D1B5787D700EE5627 /* InfoPlist.strings in Resources */,
				9245A2151B5787D700EE5627 /* Default.png in Resources */,
				9245A2171B5787D700EE5627 /* Default@2x.png in Resources */,
				9245A2191B5787D700EE5627 /* Default-568h@2x.png in Resources */,
				9245A21C1B5787D700EE5627 /* MainStoryboard.storyboard in Resources */,
			);
			runOnlyForDeploymentPostprocessing = 0;
		};
/* End PBXResourcesBuildPhase section */

/* Begin PBXSourcesBuildPhase section */
		9245A1FB1B5787D600EE5627 /* Sources */ = {
			isa = PBXSourcesBuildPhase;
			buildActionMask = 2147483647;
			files = (
				9245A20F1B5787D700EE5627 /* main.m in Sources */,
				9245A2131B5787D700EE5627 /* AppDelegate.m in Sources */,
				9245A21F1B5787D700EE5627 /* ViewController.m in Sources */,
			);
			runOnlyForDeploymentPostprocessing = 0;
		};
/* End PBXSourcesBuildPhase section */

/* Begin PBXVariantGroup section */
		9245A20B1B5787D700EE5627 /* InfoPlist.strings */ = {
			isa = PBXVariantGroup;
			children = (
				9245A20C1B5787D700EE5627 /* en */,
			);
			name = InfoPlist.strings;
			sourceTree = "<group>";
		};
		9245A21A1B5787D700EE5627 /* MainStoryboard.storyboard */ = {
			isa = PBXVariantGroup;
			children = (
				9245A21B1B5787D700EE5627 /* en */,
			);
			name = MainStoryboard.storyboard;
			sourceTree = "<group>";
		};
/* End PBXVariantGroup section */

/* Begin XCBuildConfiguration section */
		9245A2201B5787D700EE5627 /* Debug */ = {
			isa = XCBuildConfiguration;
			buildSettings = {
				ALWAYS_SEARCH_USER_PATHS = NO;
				CLANG_CXX_LANGUAGE_STANDARD = "gnu++0x";
				CLANG_CXX_LIBRARY = "libc++";
				CLANG_ENABLE_OBJC_ARC = YES;
				CLANG_WARN_CONSTANT_CONVERSION = YES;
				CLANG_WARN_EMPTY_BODY = YES;
				CLANG_WARN_ENUM_CONVERSION = YES;
				CLANG_WARN_INT_CONVERSION = YES;
				CLANG_WARN__DUPLICATE_METHOD_MATCH = YES;
				"CODE_SIGN_IDENTITY[sdk=iphoneos*]" = "iPhone Developer";
				COPY_PHASE_STRIP = NO;
				GCC_C_LANGUAGE_STANDARD = gnu99;
				GCC_DYNAMIC_NO_PIC = NO;
				GCC_OPTIMIZATION_LEVEL = 0;
				GCC_PREPROCESSOR_DEFINITIONS = (
					"DEBUG=1",
					"$(inherited)",
				);
				GCC_SYMBOLS_PRIVATE_EXTERN = NO;
				GCC_WARN_ABOUT_RETURN_TYPE = YES;
				GCC_WARN_UNINITIALIZED_AUTOS = YES;
				GCC_WARN_UNUSED_VARIABLE = YES;
				IPHONEOS_DEPLOYMENT_TARGET = 6.1;
				ONLY_ACTIVE_ARCH = YES;
				SDKROOT = iphoneos;
			};
			name = Debug;
		};
		9245A2211B5787D700EE5627 /* Release */ = {
			isa = XCBuildConfiguration;
			buildSettings = {
				ALWAYS_SEARCH_USER_PATHS = NO;
				CLANG_CXX_LANGUAGE_STANDARD = "gnu++0x";
				CLANG_CXX_LIBRARY = "libc++";
				CLANG_ENABLE_OBJC_ARC = YES;
				CLANG_WARN_CONSTANT_CONVERSION = YES;
				CLANG_WARN_EMPTY_BODY = YES;
				CLANG_WARN_ENUM_CONVERSION = YES;
				CLANG_WARN_INT_CONVERSION = YES;
				CLANG_WARN__DUPLICATE_METHOD_MATCH = YES;
				"CODE_SIGN_IDENTITY[sdk=iphoneos*]" = "iPhone Developer";
				COPY_PHASE_STRIP = YES;
				GCC_C_LANGUAGE_STANDARD = gnu99;
				GCC_WARN_ABOUT_RETURN_TYPE = YES;
				GCC_WARN_UNINITIALIZED_AUTOS = YES;
				GCC_WARN_UNUSED_VARIABLE = YES;
				IPHONEOS_DEPLOYMENT_TARGET = 6.1;
				OTHER_CFLAGS = "-DNS_BLOCK_ASSERTIONS=1";
				SDKROOT = iphoneos;
				VALIDATE_PRODUCT = YES;
			};
			name = Release;
		};
		9245A2231B5787D700EE5627 /* Debug */ = {
			isa = XCBuildConfiguration;
			buildSettings = {
				GCC_PRECOMPILE_PREFIX_HEADER = YES;
				GCC_PREFIX_HEADER = "HelloWorld/HelloWorld-Prefix.pch";
				INFOPLIST_FILE = "HelloWorld/HelloWorld-Info.plist";
				IPHONEOS_DEPLOYMENT_TARGET = 6.1;
				PRODUCT_NAME = "$(TARGET_NAME)";
				WRAPPER_EXTENSION = app;
			};
			name = Debug;
		};
		9245A2241B5787D700EE5627 /* Release */ = {
			isa = XCBuildConfiguration;
			buildSettings = {
				GCC_PRECOMPILE_PREFIX_HEADER = YES;
				GCC_PREFIX_HEADER = "HelloWorld/HelloWorld-Prefix.pch";
				INFOPLIST_FILE = "HelloWorld/HelloWorld-Info.plist";
				IPHONEOS_DEPLOYMENT_TARGET = 6.1;
				PRODUCT_NAME = "$(TARGET_NAME)";
				WRAPPER_EXTENSION = app;
			};
			name = Release;
		};
/* End XCBuildConfiguration section */

/* Begin XCConfigurationList section */
		9245A1FA1B5787D600EE5627 /* Build configuration list for PBXProject "HelloWorld" */ = {
			isa = XCConfigurationList;
			buildConfigurations = (
				9245A2201B5787D700EE5627 /* Debug */,
				9245A2211B5787D700EE5627 /* Release */,
			);
			defaultConfigurationIsVisible = 0;
			defaultConfigurationName = Release;
		};
		9245A2221B5787D700EE5627 /* Build configuration list for PBXNativeTarget "HelloWorld" */ = {
			isa = XCConfigurationList;
			buildConfigurations = (
				9245A2231B5787D700EE5627 /* Debug */,
				9245A2241B5787D700EE5627 /* Release */,
			);
			defaultConfigurationIsVisible = 0;
		};
/* End XCConfigurationList section */
	};
	rootObject = 9245A1F71B5787D600EE5627 /* Project object */;
}
